
Microsoft Visual Studio Solution File, Format Version 12.00
# Visual Studio Version 16
VisualStudioVersion = 16.0.29709.97
MinimumVisualStudioVersion = 10.0.40219.1
Project("{FAE04EC0-301F-11D3-BF4B-00C04F79EFBC}") = "Algorithms", "Algorithms\Algorithms.csproj", "{615B0A6B-71BF-450B-8CD7-CE0B025735C3}"
EndProject
Project("{FAE04EC0-301F-11D3-BF4B-00C04F79EFBC}") = "Trees", "Trees\Trees.csproj", "{C0A6C8E7-5331-4EF4-9E3E-4B52FC936A6B}"
EndProject
Project("{FAE04EC0-301F-11D3-BF4B-00C04F79EFBC}") = "ObjectOrientedProgramming", "ObjectOrientedProgramming\ObjectOrientedProgramming.csproj", "{ABAFD36D-E216-4466-BBDE-A7F52EFD9FAF}"
EndProject
Project("{FAE04EC0-301F-11D3-BF4B-00C04F79EFBC}") = "CustomDataStructures", "CustomDataStructures\CustomDataStructures.csproj", "{E1D207B1-5B39-4F3A-B4F3-AC4A39AEEB82}"
EndProject
Global
	GlobalSection(SolutionConfigurationPlatforms) = preSolution
		Debug|Any CPU = Debug|Any CPU
		Release|Any CPU = Release|Any CPU
	EndGlobalSection
	GlobalSection(ProjectConfigurationPlatforms) = postSolution
		{615B0A6B-71BF-450B-8CD7-CE0B025735C3}.Debug|Any CPU.ActiveCfg = Debug|Any CPU
		{615B0A6B-71BF-450B-8CD7-CE0B025735C3}.Debug|Any CPU.Build.0 = Debug|Any CPU
		{615B0A6B-71BF-450B-8CD7-CE0B025735C3}.Release|Any CPU.ActiveCfg = Release|Any CPU
		{615B0A6B-71BF-450B-8CD7-CE0B025735C3}.Release|Any CPU.Build.0 = Release|Any CPU
		{C0A6C8E7-5331-4EF4-9E3E-4B52FC936A6B}.Debug|Any CPU.ActiveCfg = Debug|Any CPU
		{C0A6C8E7-5331-4EF4-9E3E-4B52FC936A6B}.Debug|Any CPU.Build.0 = Debug|Any CPU
		{C0A6C8E7-5331-4EF4-9E3E-4B52FC936A6B}.Release|Any CPU.ActiveCfg = Release|Any CPU
		{C0A6C8E7-5331-4EF4-9E3E-4B52FC936A6B}.Release|Any CPU.Build.0 = Release|Any CPU
		{ABAFD36D-E216-4466-BBDE-A7F52EFD9FAF}.Debug|Any CPU.ActiveCfg = Debug|Any CPU
		{ABAFD36D-E216-4466-BBDE-A7F52EFD9FAF}.Debug|Any CPU.Build.0 = Debug|Any CPU
		{ABAFD36D-E216-4466-BBDE-A7F52EFD9FAF}.Release|Any CPU.ActiveCfg = Release|Any CPU
		{ABAFD36D-E216-4466-BBDE-A7F52EFD9FAF}.Release|Any CPU.Build.0 = Release|Any CPU
		{E1D207B1-5B39-4F3A-B4F3-AC4A39AEEB82}.Debug|Any CPU.ActiveCfg = Debug|Any CPU
		{E1D207B1-5B39-4F3A-B4F3-AC4A39AEEB82}.Debug|Any CPU.Build.0 = Debug|Any CPU
		{E1D207B1-5B39-4F3A-B4F3-AC4A39AEEB82}.Release|Any CPU.ActiveCfg = Release|Any CPU
		{E1D207B1-5B39-4F3A-B4F3-AC4A39AEEB82}.Release|Any CPU.Build.0 = Release|Any CPU
	EndGlobalSection
	GlobalSection(SolutionProperties) = preSolution
		HideSolutionNode = FALSE
	EndGlobalSection
	GlobalSection(ExtensibilityGlobals) = postSolution
		SolutionGuid = {C7860459-6BF9-47C3-92F8-727A9F70CC06}
	EndGlobalSection
EndGlobal
